{
  "version": 4,
  "terraform_version": "1.2.9",
  "serial": 108,
  "lineage": "1d733d5e-b475-2449-cc4f-9a1521b1b417",
  "outputs": {
    "vpc_public_subnets": {
      "value": {
        "subnet-01e0d2ee7485c8754": "10.0.8.0/21",
        "subnet-064e443267347910f": "10.0.16.0/21",
        "subnet-0b074714b221b20e1": "10.0.24.0/21"
      },
      "type": [
        "object",
        {
          "subnet-01e0d2ee7485c8754": "string",
          "subnet-064e443267347910f": "string",
          "subnet-0b074714b221b20e1": "string"
        }
      ]
    }
  },
  "resources": [
    {
      "mode": "data",
      "type": "aws_availability_zone",
      "name": "example",
      "provider": "provider[\"registry.terraform.io/hashicorp/aws\"]",
      "instances": [
        {
          "schema_version": 0,
          "attributes": {
            "all_availability_zones": null,
            "filter": null,
            "group_name": "us-east-1",
            "id": "us-east-1a",
            "name": "us-east-1a",
            "name_suffix": "a",
            "network_border_group": "us-east-1",
            "opt_in_status": "opt-in-not-required",
            "parent_zone_id": "",
            "parent_zone_name": "",
            "region": "us-east-1",
            "state": "available",
            "timeouts": null,
            "zone_id": "use1-az1",
            "zone_type": "availability-zone"
          },
          "sensitive_attributes": []
        }
      ]
    },
    {
      "mode": "data",
      "type": "aws_caller_identity",
      "name": "current",
      "provider": "provider[\"registry.terraform.io/hashicorp/aws\"]",
      "instances": [
        {
          "schema_version": 0,
          "attributes": {
            "account_id": "518917878572",
            "arn": "arn:aws:iam::518917878572:root",
            "id": "518917878572",
            "user_id": "518917878572"
          },
          "sensitive_attributes": []
        }
      ]
    },
    {
      "mode": "data",
      "type": "aws_region",
      "name": "current",
      "provider": "provider[\"registry.terraform.io/hashicorp/aws\"]",
      "instances": [
        {
          "schema_version": 0,
          "attributes": {
            "description": "US East (N. Virginia)",
            "endpoint": "ec2.us-east-1.amazonaws.com",
            "id": "us-east-1",
            "name": "us-east-1"
          },
          "sensitive_attributes": []
        }
      ]
    },
    {
      "mode": "managed",
      "type": "aws_api_gateway_deployment",
      "name": "deployment",
      "provider": "provider[\"registry.terraform.io/hashicorp/aws\"]",
      "instances": [
        {
          "schema_version": 0,
          "attributes": {
            "created_date": "2022-09-14T07:40:59Z",
            "description": "",
            "execution_arn": "arn:aws:execute-api:us-east-1:518917878572:nv8thmvqkb/test-stage",
            "id": "rft2vq",
            "invoke_url": "https://nv8thmvqkb.execute-api.us-east-1.amazonaws.com/test-stage",
            "rest_api_id": "nv8thmvqkb",
            "stage_description": null,
            "stage_name": "test-stage",
            "triggers": {
              "redeployment": "ad52522fe678dc565a925ffe73844b9b30e82ff9"
            },
            "variables": null
          },
          "sensitive_attributes": [],
          "private": "bnVsbA==",
          "dependencies": [
            "aws_api_gateway_integration.lambda-ocr-module-intergration",
            "aws_api_gateway_method.method",
            "aws_api_gateway_resource.resource",
            "aws_api_gateway_rest_api.lambda-ocr-module-rest",
            "aws_efs_access_point.access_point_for_lambda",
            "aws_efs_file_system.efs_for_lambda",
            "aws_efs_mount_target.alpha",
            "aws_iam_policy.lambda-ocr-module-logs-policy",
            "aws_iam_policy.policy_one",
            "aws_iam_role.iam_for_lambda",
            "aws_lambda_function.example",
            "aws_lambda_layer_version.lambda_layer",
            "aws_lambda_layer_version.lambda_layer_two",
            "aws_security_group.sg_for_lambda",
            "aws_subnet.subnet_for_lambda",
            "aws_vpc.main"
          ],
          "create_before_destroy": true
        }
      ]
    },
    {
      "mode": "managed",
      "type": "aws_api_gateway_integration",
      "name": "lambda-ocr-module-intergration",
      "provider": "provider[\"registry.terraform.io/hashicorp/aws\"]",
      "instances": [
        {
          "schema_version": 0,
          "attributes": {
            "cache_key_parameters": [],
            "cache_namespace": "zzsjs2",
            "connection_id": "",
            "connection_type": "INTERNET",
            "content_handling": "",
            "credentials": "",
            "http_method": "POST",
            "id": "agi-nv8thmvqkb-zzsjs2-POST",
            "integration_http_method": "POST",
            "passthrough_behavior": "WHEN_NO_MATCH",
            "request_parameters": {},
            "request_templates": {},
            "resource_id": "zzsjs2",
            "rest_api_id": "nv8thmvqkb",
            "timeout_milliseconds": 29000,
            "tls_config": [],
            "type": "AWS_PROXY",
            "uri": "arn:aws:apigateway:us-east-1:lambda:path/2015-03-31/functions/arn:aws:lambda:us-east-1:518917878572:function:lambda_function_name/invocations"
          },
          "sensitive_attributes": [],
          "private": "bnVsbA==",
          "dependencies": [
            "aws_api_gateway_method.method",
            "aws_api_gateway_resource.resource",
            "aws_api_gateway_rest_api.lambda-ocr-module-rest",
            "aws_efs_access_point.access_point_for_lambda",
            "aws_efs_file_system.efs_for_lambda",
            "aws_efs_mount_target.alpha",
            "aws_iam_policy.lambda-ocr-module-logs-policy",
            "aws_iam_policy.policy_one",
            "aws_iam_role.iam_for_lambda",
            "aws_lambda_function.example",
            "aws_lambda_layer_version.lambda_layer",
            "aws_lambda_layer_version.lambda_layer_two",
            "aws_security_group.sg_for_lambda",
            "aws_subnet.subnet_for_lambda",
            "aws_vpc.main"
          ],
          "create_before_destroy": true
        }
      ]
    },
    {
      "mode": "managed",
      "type": "aws_api_gateway_method",
      "name": "method",
      "provider": "provider[\"registry.terraform.io/hashicorp/aws\"]",
      "instances": [
        {
          "schema_version": 0,
          "attributes": {
            "api_key_required": false,
            "authorization": "NONE",
            "authorization_scopes": [],
            "authorizer_id": "",
            "http_method": "POST",
            "id": "agm-nv8thmvqkb-zzsjs2-POST",
            "operation_name": "",
            "request_models": {},
            "request_parameters": {},
            "request_validator_id": "",
            "resource_id": "zzsjs2",
            "rest_api_id": "nv8thmvqkb"
          },
          "sensitive_attributes": [],
          "private": "bnVsbA==",
          "dependencies": [
            "aws_api_gateway_resource.resource",
            "aws_api_gateway_rest_api.lambda-ocr-module-rest"
          ],
          "create_before_destroy": true
        }
      ]
    },
    {
      "mode": "managed",
      "type": "aws_api_gateway_method_response",
      "name": "response_200",
      "provider": "provider[\"registry.terraform.io/hashicorp/aws\"]",
      "instances": [
        {
          "schema_version": 0,
          "attributes": {
            "http_method": "POST",
            "id": "agmr-nv8thmvqkb-zzsjs2-POST-200",
            "resource_id": "zzsjs2",
            "response_models": {},
            "response_parameters": {},
            "rest_api_id": "nv8thmvqkb",
            "status_code": "200"
          },
          "sensitive_attributes": [],
          "private": "bnVsbA==",
          "dependencies": [
            "aws_api_gateway_method.method",
            "aws_api_gateway_resource.resource",
            "aws_api_gateway_rest_api.lambda-ocr-module-rest"
          ]
        }
      ]
    },
    {
      "mode": "managed",
      "type": "aws_api_gateway_resource",
      "name": "resource",
      "provider": "provider[\"registry.terraform.io/hashicorp/aws\"]",
      "instances": [
        {
          "schema_version": 0,
          "attributes": {
            "id": "zzsjs2",
            "parent_id": "b4ck85snz7",
            "path": "/resource",
            "path_part": "resource",
            "rest_api_id": "nv8thmvqkb"
          },
          "sensitive_attributes": [],
          "private": "bnVsbA==",
          "dependencies": [
            "aws_api_gateway_rest_api.lambda-ocr-module-rest"
          ],
          "create_before_destroy": true
        }
      ]
    },
    {
      "mode": "managed",
      "type": "aws_api_gateway_rest_api",
      "name": "lambda-ocr-module-rest",
      "provider": "provider[\"registry.terraform.io/hashicorp/aws\"]",
      "instances": [
        {
          "schema_version": 0,
          "attributes": {
            "api_key_source": "HEADER",
            "arn": "arn:aws:apigateway:us-east-1::/restapis/nv8thmvqkb",
            "binary_media_types": [],
            "body": null,
            "created_date": "2022-09-14T07:28:18Z",
            "description": "",
            "disable_execute_api_endpoint": false,
            "endpoint_configuration": [
              {
                "types": [
                  "REGIONAL"
                ],
                "vpc_endpoint_ids": []
              }
            ],
            "execution_arn": "arn:aws:execute-api:us-east-1:518917878572:nv8thmvqkb",
            "id": "nv8thmvqkb",
            "minimum_compression_size": -1,
            "name": "dev-pdftron-ocr-test",
            "parameters": null,
            "policy": "",
            "put_rest_api_mode": null,
            "root_resource_id": "b4ck85snz7",
            "tags": {},
            "tags_all": {}
          },
          "sensitive_attributes": [],
          "private": "bnVsbA==",
          "create_before_destroy": true
        }
      ]
    },
    {
      "mode": "managed",
      "type": "aws_api_gateway_stage",
      "name": "stage",
      "provider": "provider[\"registry.terraform.io/hashicorp/aws\"]",
      "instances": [
        {
          "schema_version": 0,
          "attributes": {
            "access_log_settings": [],
            "arn": "arn:aws:apigateway:us-east-1::/restapis/nv8thmvqkb/stages/test-stage",
            "cache_cluster_enabled": false,
            "cache_cluster_size": "",
            "canary_settings": [],
            "client_certificate_id": "",
            "deployment_id": "rft2vq",
            "description": "",
            "documentation_version": "",
            "execution_arn": "arn:aws:execute-api:us-east-1:518917878572:nv8thmvqkb/test-stage",
            "id": "ags-nv8thmvqkb-test-stage",
            "invoke_url": "https://nv8thmvqkb.execute-api.us-east-1.amazonaws.com/test-stage",
            "rest_api_id": "nv8thmvqkb",
            "stage_name": "test-stage",
            "tags": {},
            "tags_all": {},
            "variables": {},
            "web_acl_arn": "",
            "xray_tracing_enabled": false
          },
          "sensitive_attributes": [],
          "private": "bnVsbA==",
          "dependencies": [
            "aws_api_gateway_deployment.deployment",
            "aws_api_gateway_integration.lambda-ocr-module-intergration",
            "aws_api_gateway_method.method",
            "aws_api_gateway_resource.resource",
            "aws_api_gateway_rest_api.lambda-ocr-module-rest",
            "aws_efs_access_point.access_point_for_lambda",
            "aws_efs_file_system.efs_for_lambda",
            "aws_efs_mount_target.alpha",
            "aws_iam_policy.lambda-ocr-module-logs-policy",
            "aws_iam_policy.policy_one",
            "aws_iam_role.iam_for_lambda",
            "aws_lambda_function.example",
            "aws_lambda_layer_version.lambda_layer",
            "aws_lambda_layer_version.lambda_layer_two",
            "aws_security_group.sg_for_lambda",
            "aws_subnet.subnet_for_lambda",
            "aws_vpc.main"
          ]
        }
      ]
    },
    {
      "mode": "managed",
      "type": "aws_efs_access_point",
      "name": "access_point_for_lambda",
      "provider": "provider[\"registry.terraform.io/hashicorp/aws\"]",
      "instances": [
        {
          "schema_version": 0,
          "attributes": {
            "arn": "arn:aws:elasticfilesystem:us-east-1:518917878572:access-point/fsap-0a09fab90ebea6f53",
            "file_system_arn": "arn:aws:elasticfilesystem:us-east-1:518917878572:file-system/fs-0f93a0873de5f9f53",
            "file_system_id": "fs-0f93a0873de5f9f53",
            "id": "fsap-0a09fab90ebea6f53",
            "owner_id": "518917878572",
            "posix_user": [
              {
                "gid": 1000,
                "secondary_gids": [],
                "uid": 1000
              }
            ],
            "root_directory": [
              {
                "creation_info": [
                  {
                    "owner_gid": 1000,
                    "owner_uid": 1000,
                    "permissions": "777"
                  }
                ],
                "path": "/lambda_ocr_module"
              }
            ],
            "tags": {
              "Name": "ap.lambda-ocr-module"
            },
            "tags_all": {
              "Name": "ap.lambda-ocr-module"
            }
          },
          "sensitive_attributes": [],
          "private": "bnVsbA==",
          "dependencies": [
            "aws_efs_file_system.efs_for_lambda"
          ],
          "create_before_destroy": true
        }
      ]
    },
    {
      "mode": "managed",
      "type": "aws_efs_file_system",
      "name": "efs_for_lambda",
      "provider": "provider[\"registry.terraform.io/hashicorp/aws\"]",
      "instances": [
        {
          "schema_version": 0,
          "attributes": {
            "arn": "arn:aws:elasticfilesystem:us-east-1:518917878572:file-system/fs-0f93a0873de5f9f53",
            "availability_zone_id": "",
            "availability_zone_name": "",
            "creation_token": "terraform-20220914072817805600000001",
            "dns_name": "fs-0f93a0873de5f9f53.efs.us-east-1.amazonaws.com",
            "encrypted": false,
            "id": "fs-0f93a0873de5f9f53",
            "kms_key_id": "",
            "lifecycle_policy": [],
            "number_of_mount_targets": 3,
            "owner_id": "518917878572",
            "performance_mode": "generalPurpose",
            "provisioned_throughput_in_mibps": 0,
            "size_in_bytes": [
              {
                "value": 6144,
                "value_in_ia": 0,
                "value_in_standard": 6144
              }
            ],
            "tags": {
              "Name": "efs.lambda-ocr-module"
            },
            "tags_all": {
              "Name": "efs.lambda-ocr-module"
            },
            "throughput_mode": "bursting"
          },
          "sensitive_attributes": [],
          "private": "bnVsbA==",
          "create_before_destroy": true
        }
      ]
    },
    {
      "mode": "managed",
      "type": "aws_efs_mount_target",
      "name": "alpha",
      "provider": "provider[\"registry.terraform.io/hashicorp/aws\"]",
      "instances": [
        {
          "index_key": "us-east-1a",
          "schema_version": 0,
          "attributes": {
            "availability_zone_id": "use1-az1",
            "availability_zone_name": "us-east-1a",
            "dns_name": "fs-0f93a0873de5f9f53.efs.us-east-1.amazonaws.com",
            "file_system_arn": "arn:aws:elasticfilesystem:us-east-1:518917878572:file-system/fs-0f93a0873de5f9f53",
            "file_system_id": "fs-0f93a0873de5f9f53",
            "id": "fsmt-04cd6230722d2dcba",
            "ip_address": "10.0.8.110",
            "mount_target_dns_name": "us-east-1a.fs-0f93a0873de5f9f53.efs.us-east-1.amazonaws.com",
            "network_interface_id": "eni-010dfed617ba6b684",
            "owner_id": "518917878572",
            "security_groups": [
              "sg-09592e99217c556c9"
            ],
            "subnet_id": "subnet-01e0d2ee7485c8754"
          },
          "sensitive_attributes": [],
          "private": "bnVsbA==",
          "dependencies": [
            "aws_efs_file_system.efs_for_lambda",
            "aws_security_group.sg_for_lambda",
            "aws_subnet.subnet_for_lambda",
            "aws_vpc.main"
          ],
          "create_before_destroy": true
        },
        {
          "index_key": "us-east-1b",
          "schema_version": 0,
          "attributes": {
            "availability_zone_id": "use1-az2",
            "availability_zone_name": "us-east-1b",
            "dns_name": "fs-0f93a0873de5f9f53.efs.us-east-1.amazonaws.com",
            "file_system_arn": "arn:aws:elasticfilesystem:us-east-1:518917878572:file-system/fs-0f93a0873de5f9f53",
            "file_system_id": "fs-0f93a0873de5f9f53",
            "id": "fsmt-021cb3d8e159395e3",
            "ip_address": "10.0.19.28",
            "mount_target_dns_name": "us-east-1b.fs-0f93a0873de5f9f53.efs.us-east-1.amazonaws.com",
            "network_interface_id": "eni-0e28f0310c3500203",
            "owner_id": "518917878572",
            "security_groups": [
              "sg-09592e99217c556c9"
            ],
            "subnet_id": "subnet-064e443267347910f"
          },
          "sensitive_attributes": [],
          "private": "bnVsbA==",
          "dependencies": [
            "aws_efs_file_system.efs_for_lambda",
            "aws_security_group.sg_for_lambda",
            "aws_subnet.subnet_for_lambda",
            "aws_vpc.main"
          ],
          "create_before_destroy": true
        },
        {
          "index_key": "us-east-1c",
          "schema_version": 0,
          "attributes": {
            "availability_zone_id": "use1-az4",
            "availability_zone_name": "us-east-1c",
            "dns_name": "fs-0f93a0873de5f9f53.efs.us-east-1.amazonaws.com",
            "file_system_arn": "arn:aws:elasticfilesystem:us-east-1:518917878572:file-system/fs-0f93a0873de5f9f53",
            "file_system_id": "fs-0f93a0873de5f9f53",
            "id": "fsmt-0410599b6f3386ff4",
            "ip_address": "10.0.27.211",
            "mount_target_dns_name": "us-east-1c.fs-0f93a0873de5f9f53.efs.us-east-1.amazonaws.com",
            "network_interface_id": "eni-0bbf761a95b31c8df",
            "owner_id": "518917878572",
            "security_groups": [
              "sg-09592e99217c556c9"
            ],
            "subnet_id": "subnet-0b074714b221b20e1"
          },
          "sensitive_attributes": [],
          "private": "bnVsbA==",
          "dependencies": [
            "aws_efs_file_system.efs_for_lambda",
            "aws_security_group.sg_for_lambda",
            "aws_subnet.subnet_for_lambda",
            "aws_vpc.main"
          ],
          "create_before_destroy": true
        }
      ]
    },
    {
      "mode": "managed",
      "type": "aws_iam_policy",
      "name": "lambda-ocr-module-logs-policy",
      "provider": "provider[\"registry.terraform.io/hashicorp/aws\"]",
      "instances": [
        {
          "schema_version": 0,
          "attributes": {
            "arn": "arn:aws:iam::518917878572:policy/lambda-ocr-module-logs-policy",
            "description": "Logs policy for Lambda OCR Module",
            "id": "arn:aws:iam::518917878572:policy/lambda-ocr-module-logs-policy",
            "name": "lambda-ocr-module-logs-policy",
            "name_prefix": null,
            "path": "/",
            "policy": "{\"Statement\":[{\"Action\":\"logs:CreateLogGroup\",\"Effect\":\"Allow\",\"Resource\":\"arn:aws:logs:us-east-1:*:*\"},{\"Action\":[\"logs:CreateLogStream\",\"logs:PutLogEvents\"],\"Effect\":\"Allow\",\"Resource\":\"arn:aws:logs:us-east-1:*:log-group:/aws/lambda/*:*\"}],\"Version\":\"2012-10-17\"}",
            "policy_id": "ANPAXRUPKOMWO2OD4TPI7",
            "tags": {},
            "tags_all": {}
          },
          "sensitive_attributes": [],
          "private": "bnVsbA==",
          "create_before_destroy": true
        }
      ]
    },
    {
      "mode": "managed",
      "type": "aws_iam_policy",
      "name": "policy_one",
      "provider": "provider[\"registry.terraform.io/hashicorp/aws\"]",
      "instances": [
        {
          "schema_version": 0,
          "attributes": {
            "arn": "arn:aws:iam::518917878572:policy/policy-test-one",
            "description": "Test policy",
            "id": "arn:aws:iam::518917878572:policy/policy-test-one",
            "name": "policy-test-one",
            "name_prefix": null,
            "path": "/",
            "policy": "{\"Statement\":[{\"Action\":[\"ec2:DescribeNetworkInterfaces\",\"ec2:CreateNetworkInterface\",\"ec2:DeleteNetworkInterface\",\"ec2:DescribeInstances\",\"ec2:AttachNetworkInterface\"],\"Effect\":\"Allow\",\"Resource\":\"*\"}],\"Version\":\"2012-10-17\"}",
            "policy_id": "ANPAXRUPKOMWBNRYRS6J2",
            "tags": {},
            "tags_all": {}
          },
          "sensitive_attributes": [],
          "private": "bnVsbA==",
          "create_before_destroy": true
        }
      ]
    },
    {
      "mode": "managed",
      "type": "aws_iam_role",
      "name": "iam_for_lambda",
      "provider": "provider[\"registry.terraform.io/hashicorp/aws\"]",
      "instances": [
        {
          "schema_version": 0,
          "attributes": {
            "arn": "arn:aws:iam::518917878572:role/iam_for_lambda",
            "assume_role_policy": "{\"Statement\":[{\"Action\":\"sts:AssumeRole\",\"Effect\":\"Allow\",\"Principal\":{\"Service\":\"ec2.amazonaws.com\"},\"Sid\":\"\"},{\"Action\":\"sts:AssumeRole\",\"Effect\":\"Allow\",\"Principal\":{\"Service\":\"lambda.amazonaws.com\"}}],\"Version\":\"2012-10-17\"}",
            "create_date": "2022-09-14T07:28:19Z",
            "description": "",
            "force_detach_policies": false,
            "id": "iam_for_lambda",
            "inline_policy": [],
            "managed_policy_arns": [
              "arn:aws:iam::518917878572:policy/lambda-ocr-module-logs-policy",
              "arn:aws:iam::518917878572:policy/policy-test-one",
              "arn:aws:iam::aws:policy/AWSLambdaExecute",
              "arn:aws:iam::aws:policy/AmazonElasticFileSystemClientFullAccess",
              "arn:aws:iam::aws:policy/AmazonS3FullAccess",
              "arn:aws:iam::aws:policy/service-role/AWSLambdaVPCAccessExecutionRole"
            ],
            "max_session_duration": 3600,
            "name": "iam_for_lambda",
            "name_prefix": "",
            "path": "/",
            "permissions_boundary": null,
            "tags": {},
            "tags_all": {},
            "unique_id": "AROAXRUPKOMWLF5S4EQUK"
          },
          "sensitive_attributes": [],
          "private": "bnVsbA==",
          "dependencies": [
            "aws_iam_policy.lambda-ocr-module-logs-policy",
            "aws_iam_policy.policy_one"
          ],
          "create_before_destroy": true
        }
      ]
    },
    {
      "mode": "managed",
      "type": "aws_lambda_function",
      "name": "example",
      "provider": "provider[\"registry.terraform.io/hashicorp/aws\"]",
      "instances": [
        {
          "schema_version": 0,
          "attributes": {
            "architectures": [
              "x86_64"
            ],
            "arn": "arn:aws:lambda:us-east-1:518917878572:function:lambda_function_name",
            "code_signing_config_arn": "",
            "dead_letter_config": [],
            "description": "",
            "environment": [
              {
                "variables": {
                  "S3_INPUTS_BUCKET": "ocr-demo-inputs-tmp",
                  "S3_OUTPUTS_BUCKET": "ocr-demo-outputs-tmp"
                }
              }
            ],
            "ephemeral_storage": [
              {
                "size": 512
              }
            ],
            "file_system_config": [
              {
                "arn": "arn:aws:elasticfilesystem:us-east-1:518917878572:access-point/fsap-0a09fab90ebea6f53",
                "local_mount_path": "/mnt/lambda_ocr_module"
              }
            ],
            "filename": "lambda_function_name.zip",
            "function_name": "lambda_function_name",
            "handler": "lambda_function_name.ocr_process",
            "id": "lambda_function_name",
            "image_config": [],
            "image_uri": "",
            "invoke_arn": "arn:aws:apigateway:us-east-1:lambda:path/2015-03-31/functions/arn:aws:lambda:us-east-1:518917878572:function:lambda_function_name/invocations",
            "kms_key_arn": "",
            "last_modified": "2022-09-14T07:40:59.687+0000",
            "layers": [
              "arn:aws:lambda:us-east-1:518917878572:layer:PDFNetPython3-test:7",
              "arn:aws:lambda:us-east-1:518917878572:layer:OCRModuleLinux-test:7"
            ],
            "memory_size": 2048,
            "package_type": "Zip",
            "publish": false,
            "qualified_arn": "arn:aws:lambda:us-east-1:518917878572:function:lambda_function_name:$LATEST",
            "reserved_concurrent_executions": -1,
            "role": "arn:aws:iam::518917878572:role/iam_for_lambda",
            "runtime": "python3.9",
            "s3_bucket": null,
            "s3_key": null,
            "s3_object_version": null,
            "signing_job_arn": "",
            "signing_profile_version_arn": "",
            "source_code_hash": "1Rrbvvp/IkYwCa4UCOuIncpmPd9tp6WjvttjBXcP+9U=",
            "source_code_size": 1503,
            "tags": {},
            "tags_all": {},
            "timeout": 120,
            "timeouts": null,
            "tracing_config": [
              {
                "mode": "PassThrough"
              }
            ],
            "version": "$LATEST",
            "vpc_config": [
              {
                "security_group_ids": [
                  "sg-09592e99217c556c9"
                ],
                "subnet_ids": [
                  "subnet-01e0d2ee7485c8754",
                  "subnet-064e443267347910f",
                  "subnet-0b074714b221b20e1"
                ],
                "vpc_id": "vpc-06c6686691f879ef2"
              }
            ]
          },
          "sensitive_attributes": [],
          "private": "eyJlMmJmYjczMC1lY2FhLTExZTYtOGY4OC0zNDM2M2JjN2M0YzAiOnsiY3JlYXRlIjo2MDAwMDAwMDAwMDB9fQ==",
          "dependencies": [
            "aws_efs_access_point.access_point_for_lambda",
            "aws_efs_file_system.efs_for_lambda",
            "aws_efs_mount_target.alpha",
            "aws_iam_policy.lambda-ocr-module-logs-policy",
            "aws_iam_policy.policy_one",
            "aws_iam_role.iam_for_lambda",
            "aws_lambda_layer_version.lambda_layer",
            "aws_lambda_layer_version.lambda_layer_two",
            "aws_security_group.sg_for_lambda",
            "aws_subnet.subnet_for_lambda",
            "aws_vpc.main"
          ],
          "create_before_destroy": true
        }
      ]
    },
    {
      "mode": "managed",
      "type": "aws_lambda_layer_version",
      "name": "lambda_layer",
      "provider": "provider[\"registry.terraform.io/hashicorp/aws\"]",
      "instances": [
        {
          "schema_version": 0,
          "attributes": {
            "arn": "arn:aws:lambda:us-east-1:518917878572:layer:PDFNetPython3-test:7",
            "compatible_architectures": [
              "x86_64"
            ],
            "compatible_runtimes": [
              "python3.8",
              "python3.9"
            ],
            "created_date": "2022-09-14T07:29:39.651+0000",
            "description": "",
            "filename": "PDFNetPython3.zip",
            "id": "arn:aws:lambda:us-east-1:518917878572:layer:PDFNetPython3-test:7",
            "layer_arn": "arn:aws:lambda:us-east-1:518917878572:layer:PDFNetPython3-test",
            "layer_name": "PDFNetPython3-test",
            "license_info": "",
            "s3_bucket": null,
            "s3_key": null,
            "s3_object_version": null,
            "signing_job_arn": "",
            "signing_profile_version_arn": "",
            "skip_destroy": false,
            "source_code_hash": "3kNjgOs246sXv39h/Pdttkv0yZHg/BI+muWE5ttyupA=",
            "source_code_size": 47744632,
            "version": "7"
          },
          "sensitive_attributes": [],
          "private": "bnVsbA==",
          "create_before_destroy": true
        }
      ]
    },
    {
      "mode": "managed",
      "type": "aws_lambda_layer_version",
      "name": "lambda_layer_two",
      "provider": "provider[\"registry.terraform.io/hashicorp/aws\"]",
      "instances": [
        {
          "schema_version": 0,
          "attributes": {
            "arn": "arn:aws:lambda:us-east-1:518917878572:layer:OCRModuleLinux-test:7",
            "compatible_architectures": [
              "x86_64"
            ],
            "compatible_runtimes": [
              "python3.8",
              "python3.9"
            ],
            "created_date": "2022-09-14T07:28:44.317+0000",
            "description": "",
            "filename": "OCRModuleLinux.zip",
            "id": "arn:aws:lambda:us-east-1:518917878572:layer:OCRModuleLinux-test:7",
            "layer_arn": "arn:aws:lambda:us-east-1:518917878572:layer:OCRModuleLinux-test",
            "layer_name": "OCRModuleLinux-test",
            "license_info": "",
            "s3_bucket": null,
            "s3_key": null,
            "s3_object_version": null,
            "signing_job_arn": "",
            "signing_profile_version_arn": "",
            "skip_destroy": false,
            "source_code_hash": "i89t/ejH5mT8IUQCw+QWC6hVCS6pWJTO7T41GuVm6kQ=",
            "source_code_size": 18258710,
            "version": "7"
          },
          "sensitive_attributes": [],
          "private": "bnVsbA==",
          "create_before_destroy": true
        }
      ]
    },
    {
      "mode": "managed",
      "type": "aws_lambda_permission",
      "name": "apigw_lambda",
      "provider": "provider[\"registry.terraform.io/hashicorp/aws\"]",
      "instances": [
        {
          "schema_version": 0,
          "attributes": {
            "action": "lambda:InvokeFunction",
            "event_source_token": null,
            "function_name": "lambda_function_name",
            "function_url_auth_type": null,
            "id": "AllowExecutionFromAPIGateway",
            "principal": "apigateway.amazonaws.com",
            "principal_org_id": null,
            "qualifier": "",
            "source_account": null,
            "source_arn": "arn:aws:execute-api:us-east-1:518917878572:nv8thmvqkb/*/POST/resource",
            "statement_id": "AllowExecutionFromAPIGateway",
            "statement_id_prefix": ""
          },
          "sensitive_attributes": [],
          "private": "bnVsbA==",
          "dependencies": [
            "aws_api_gateway_method.method",
            "aws_api_gateway_resource.resource",
            "aws_api_gateway_rest_api.lambda-ocr-module-rest",
            "aws_efs_access_point.access_point_for_lambda",
            "aws_efs_file_system.efs_for_lambda",
            "aws_efs_mount_target.alpha",
            "aws_iam_policy.lambda-ocr-module-logs-policy",
            "aws_iam_policy.policy_one",
            "aws_iam_role.iam_for_lambda",
            "aws_lambda_function.example",
            "aws_lambda_layer_version.lambda_layer",
            "aws_lambda_layer_version.lambda_layer_two",
            "aws_security_group.sg_for_lambda",
            "aws_subnet.subnet_for_lambda",
            "aws_vpc.main",
            "data.aws_caller_identity.current",
            "data.aws_region.current"
          ]
        }
      ]
    },
    {
      "mode": "managed",
      "type": "aws_security_group",
      "name": "sg_for_lambda",
      "provider": "provider[\"registry.terraform.io/hashicorp/aws\"]",
      "instances": [
        {
          "schema_version": 1,
          "attributes": {
            "arn": "arn:aws:ec2:us-east-1:518917878572:security-group/sg-09592e99217c556c9",
            "description": "Allow NFS inbound traffic",
            "egress": [
              {
                "cidr_blocks": [
                  "0.0.0.0/0"
                ],
                "description": "",
                "from_port": 0,
                "ipv6_cidr_blocks": [],
                "prefix_list_ids": [],
                "protocol": "-1",
                "security_groups": [],
                "self": false,
                "to_port": 0
              }
            ],
            "id": "sg-09592e99217c556c9",
            "ingress": [
              {
                "cidr_blocks": [
                  "10.0.0.0/17"
                ],
                "description": "NFS from VPC",
                "from_port": 2049,
                "ipv6_cidr_blocks": [],
                "prefix_list_ids": [],
                "protocol": "tcp",
                "security_groups": [],
                "self": false,
                "to_port": 2049
              }
            ],
            "name": "allow_nfs_port",
            "name_prefix": "",
            "owner_id": "518917878572",
            "revoke_rules_on_delete": false,
            "tags": {
              "Name": "allow_nfs"
            },
            "tags_all": {
              "Name": "allow_nfs"
            },
            "timeouts": null,
            "vpc_id": "vpc-06c6686691f879ef2"
          },
          "sensitive_attributes": [],
          "private": "eyJlMmJmYjczMC1lY2FhLTExZTYtOGY4OC0zNDM2M2JjN2M0YzAiOnsiY3JlYXRlIjo2MDAwMDAwMDAwMDAsImRlbGV0ZSI6OTAwMDAwMDAwMDAwfSwic2NoZW1hX3ZlcnNpb24iOiIxIn0=",
          "dependencies": [
            "aws_vpc.main"
          ],
          "create_before_destroy": true
        }
      ]
    },
    {
      "mode": "managed",
      "type": "aws_security_group_rule",
      "name": "nfs_in",
      "provider": "provider[\"registry.terraform.io/hashicorp/aws\"]",
      "instances": [
        {
          "schema_version": 2,
          "attributes": {
            "cidr_blocks": [
              "10.0.0.0/17"
            ],
            "description": "NFS from VPC",
            "from_port": 2049,
            "id": "sgrule-2664708883",
            "ipv6_cidr_blocks": null,
            "prefix_list_ids": null,
            "protocol": "tcp",
            "security_group_id": "sg-09592e99217c556c9",
            "self": false,
            "source_security_group_id": null,
            "timeouts": null,
            "to_port": 2049,
            "type": "ingress"
          },
          "sensitive_attributes": [],
          "private": "eyJlMmJmYjczMC1lY2FhLTExZTYtOGY4OC0zNDM2M2JjN2M0YzAiOnsiY3JlYXRlIjozMDAwMDAwMDAwMDB9LCJzY2hlbWFfdmVyc2lvbiI6IjIifQ==",
          "dependencies": [
            "aws_security_group.sg_for_lambda",
            "aws_vpc.main"
          ]
        }
      ]
    },
    {
      "mode": "managed",
      "type": "aws_security_group_rule",
      "name": "public_out",
      "provider": "provider[\"registry.terraform.io/hashicorp/aws\"]",
      "instances": [
        {
          "schema_version": 2,
          "attributes": {
            "cidr_blocks": [
              "0.0.0.0/0"
            ],
            "description": "",
            "from_port": 0,
            "id": "sgrule-4027409965",
            "ipv6_cidr_blocks": null,
            "prefix_list_ids": null,
            "protocol": "-1",
            "security_group_id": "sg-09592e99217c556c9",
            "self": false,
            "source_security_group_id": null,
            "timeouts": null,
            "to_port": 0,
            "type": "egress"
          },
          "sensitive_attributes": [],
          "private": "eyJlMmJmYjczMC1lY2FhLTExZTYtOGY4OC0zNDM2M2JjN2M0YzAiOnsiY3JlYXRlIjozMDAwMDAwMDAwMDB9LCJzY2hlbWFfdmVyc2lvbiI6IjIifQ==",
          "dependencies": [
            "aws_security_group.sg_for_lambda",
            "aws_vpc.main"
          ]
        }
      ]
    },
    {
      "mode": "managed",
      "type": "aws_subnet",
      "name": "subnet_for_lambda",
      "provider": "provider[\"registry.terraform.io/hashicorp/aws\"]",
      "instances": [
        {
          "index_key": "us-east-1a",
          "schema_version": 1,
          "attributes": {
            "arn": "arn:aws:ec2:us-east-1:518917878572:subnet/subnet-01e0d2ee7485c8754",
            "assign_ipv6_address_on_creation": false,
            "availability_zone": "us-east-1a",
            "availability_zone_id": "use1-az1",
            "cidr_block": "10.0.8.0/21",
            "customer_owned_ipv4_pool": "",
            "enable_dns64": false,
            "enable_resource_name_dns_a_record_on_launch": false,
            "enable_resource_name_dns_aaaa_record_on_launch": false,
            "id": "subnet-01e0d2ee7485c8754",
            "ipv6_cidr_block": "",
            "ipv6_cidr_block_association_id": "",
            "ipv6_native": false,
            "map_customer_owned_ip_on_launch": false,
            "map_public_ip_on_launch": false,
            "outpost_arn": "",
            "owner_id": "518917878572",
            "private_dns_hostname_type_on_launch": "ip-name",
            "tags": {
              "ManagedBy": "terraform",
              "Name": "lambda-dev-public-subnet",
              "Role": "public",
              "Subnet": "us-east-1a-1"
            },
            "tags_all": {
              "ManagedBy": "terraform",
              "Name": "lambda-dev-public-subnet",
              "Role": "public",
              "Subnet": "us-east-1a-1"
            },
            "timeouts": null,
            "vpc_id": "vpc-06c6686691f879ef2"
          },
          "sensitive_attributes": [],
          "private": "eyJlMmJmYjczMC1lY2FhLTExZTYtOGY4OC0zNDM2M2JjN2M0YzAiOnsiY3JlYXRlIjo2MDAwMDAwMDAwMDAsImRlbGV0ZSI6MTIwMDAwMDAwMDAwMH0sInNjaGVtYV92ZXJzaW9uIjoiMSJ9",
          "dependencies": [
            "aws_vpc.main"
          ],
          "create_before_destroy": true
        },
        {
          "index_key": "us-east-1b",
          "schema_version": 1,
          "attributes": {
            "arn": "arn:aws:ec2:us-east-1:518917878572:subnet/subnet-064e443267347910f",
            "assign_ipv6_address_on_creation": false,
            "availability_zone": "us-east-1b",
            "availability_zone_id": "use1-az2",
            "cidr_block": "10.0.16.0/21",
            "customer_owned_ipv4_pool": "",
            "enable_dns64": false,
            "enable_resource_name_dns_a_record_on_launch": false,
            "enable_resource_name_dns_aaaa_record_on_launch": false,
            "id": "subnet-064e443267347910f",
            "ipv6_cidr_block": "",
            "ipv6_cidr_block_association_id": "",
            "ipv6_native": false,
            "map_customer_owned_ip_on_launch": false,
            "map_public_ip_on_launch": false,
            "outpost_arn": "",
            "owner_id": "518917878572",
            "private_dns_hostname_type_on_launch": "ip-name",
            "tags": {
              "ManagedBy": "terraform",
              "Name": "lambda-dev-public-subnet",
              "Role": "public",
              "Subnet": "us-east-1b-2"
            },
            "tags_all": {
              "ManagedBy": "terraform",
              "Name": "lambda-dev-public-subnet",
              "Role": "public",
              "Subnet": "us-east-1b-2"
            },
            "timeouts": null,
            "vpc_id": "vpc-06c6686691f879ef2"
          },
          "sensitive_attributes": [],
          "private": "eyJlMmJmYjczMC1lY2FhLTExZTYtOGY4OC0zNDM2M2JjN2M0YzAiOnsiY3JlYXRlIjo2MDAwMDAwMDAwMDAsImRlbGV0ZSI6MTIwMDAwMDAwMDAwMH0sInNjaGVtYV92ZXJzaW9uIjoiMSJ9",
          "dependencies": [
            "aws_vpc.main"
          ],
          "create_before_destroy": true
        },
        {
          "index_key": "us-east-1c",
          "schema_version": 1,
          "attributes": {
            "arn": "arn:aws:ec2:us-east-1:518917878572:subnet/subnet-0b074714b221b20e1",
            "assign_ipv6_address_on_creation": false,
            "availability_zone": "us-east-1c",
            "availability_zone_id": "use1-az4",
            "cidr_block": "10.0.24.0/21",
            "customer_owned_ipv4_pool": "",
            "enable_dns64": false,
            "enable_resource_name_dns_a_record_on_launch": false,
            "enable_resource_name_dns_aaaa_record_on_launch": false,
            "id": "subnet-0b074714b221b20e1",
            "ipv6_cidr_block": "",
            "ipv6_cidr_block_association_id": "",
            "ipv6_native": false,
            "map_customer_owned_ip_on_launch": false,
            "map_public_ip_on_launch": false,
            "outpost_arn": "",
            "owner_id": "518917878572",
            "private_dns_hostname_type_on_launch": "ip-name",
            "tags": {
              "ManagedBy": "terraform",
              "Name": "lambda-dev-public-subnet",
              "Role": "public",
              "Subnet": "us-east-1c-3"
            },
            "tags_all": {
              "ManagedBy": "terraform",
              "Name": "lambda-dev-public-subnet",
              "Role": "public",
              "Subnet": "us-east-1c-3"
            },
            "timeouts": null,
            "vpc_id": "vpc-06c6686691f879ef2"
          },
          "sensitive_attributes": [],
          "private": "eyJlMmJmYjczMC1lY2FhLTExZTYtOGY4OC0zNDM2M2JjN2M0YzAiOnsiY3JlYXRlIjo2MDAwMDAwMDAwMDAsImRlbGV0ZSI6MTIwMDAwMDAwMDAwMH0sInNjaGVtYV92ZXJzaW9uIjoiMSJ9",
          "dependencies": [
            "aws_vpc.main"
          ],
          "create_before_destroy": true
        }
      ]
    },
    {
      "mode": "managed",
      "type": "aws_vpc",
      "name": "main",
      "provider": "provider[\"registry.terraform.io/hashicorp/aws\"]",
      "instances": [
        {
          "schema_version": 1,
          "attributes": {
            "arn": "arn:aws:ec2:us-east-1:518917878572:vpc/vpc-06c6686691f879ef2",
            "assign_generated_ipv6_cidr_block": false,
            "cidr_block": "10.0.0.0/17",
            "default_network_acl_id": "acl-0676f7c1914cb5e79",
            "default_route_table_id": "rtb-090d2dfd96569f5e4",
            "default_security_group_id": "sg-06aa920b1b9523b71",
            "dhcp_options_id": "dopt-01e50d4bb676e552f",
            "enable_classiclink": false,
            "enable_classiclink_dns_support": false,
            "enable_dns_hostnames": false,
            "enable_dns_support": true,
            "id": "vpc-06c6686691f879ef2",
            "instance_tenancy": "default",
            "ipv4_ipam_pool_id": null,
            "ipv4_netmask_length": null,
            "ipv6_association_id": "",
            "ipv6_cidr_block": "",
            "ipv6_cidr_block_network_border_group": "",
            "ipv6_ipam_pool_id": "",
            "ipv6_netmask_length": 0,
            "main_route_table_id": "rtb-090d2dfd96569f5e4",
            "owner_id": "518917878572",
            "tags": {
              "Name": "vpc.main.lambda-ocr-module"
            },
            "tags_all": {
              "Name": "vpc.main.lambda-ocr-module"
            }
          },
          "sensitive_attributes": [],
          "private": "eyJzY2hlbWFfdmVyc2lvbiI6IjEifQ==",
          "create_before_destroy": true
        }
      ]
    },
    {
      "mode": "managed",
      "type": "aws_vpc_endpoint",
      "name": "s3",
      "provider": "provider[\"registry.terraform.io/hashicorp/aws\"]",
      "instances": [
        {
          "schema_version": 0,
          "attributes": {
            "arn": "arn:aws:ec2:us-east-1:518917878572:vpc-endpoint/vpce-01acceb52a039ea98",
            "auto_accept": null,
            "cidr_blocks": [
              "18.34.0.0/19",
              "52.216.0.0/15",
              "54.231.0.0/16",
              "3.5.0.0/19",
              "18.34.232.0/21"
            ],
            "dns_entry": [],
            "dns_options": [],
            "id": "vpce-01acceb52a039ea98",
            "ip_address_type": "",
            "network_interface_ids": [],
            "owner_id": "518917878572",
            "policy": "{\"Statement\":[{\"Action\":\"*\",\"Effect\":\"Allow\",\"Principal\":\"*\",\"Resource\":\"*\"}],\"Version\":\"2008-10-17\"}",
            "prefix_list_id": "pl-63a5400a",
            "private_dns_enabled": false,
            "requester_managed": false,
            "route_table_ids": [],
            "security_group_ids": [],
            "service_name": "com.amazonaws.us-east-1.s3",
            "state": "available",
            "subnet_ids": [],
            "tags": null,
            "tags_all": {},
            "timeouts": null,
            "vpc_endpoint_type": "Gateway",
            "vpc_id": "vpc-06c6686691f879ef2"
          },
          "sensitive_attributes": [],
          "private": "eyJlMmJmYjczMC1lY2FhLTExZTYtOGY4OC0zNDM2M2JjN2M0YzAiOnsiY3JlYXRlIjo2MDAwMDAwMDAwMDAsImRlbGV0ZSI6NjAwMDAwMDAwMDAwLCJ1cGRhdGUiOjYwMDAwMDAwMDAwMH19",
          "dependencies": [
            "aws_vpc.main"
          ]
        }
      ]
    }
  ]
}
